
Microsoft Visual Studio Solution File, Format Version 12.00
# Visual Studio Version 16
VisualStudioVersion = 16.0.29509.3
MinimumVisualStudioVersion = 10.0.40219.1
Project("{FAE04EC0-301F-11D3-BF4B-00C04F79EFBC}") = "NetSniffer", "src/NetSniffer.csproj", "{C046D265-6D05-44EB-8312-5905D46D371A}"
EndProject
Global
	GlobalSection(SolutionConfigurationPlatforms) = preSolution
		Debug|Any CPU = Debug|Any CPU
		Release|Any CPU = Release|Any CPU
	EndGlobalSection
	GlobalSection(ProjectConfigurationPlatforms) = postSolution
		{C046D265-6D05-44EB-8312-5905D46D371A}.Debug|Any CPU.ActiveCfg = Debug|Any CPU
		{C046D265-6D05-44EB-8312-5905D46D371A}.Debug|Any CPU.Build.0 = Debug|Any CPU
		{C046D265-6D05-44EB-8312-5905D46D371A}.Release|Any CPU.ActiveCfg = Release|Any CPU
		{C046D265-6D05-44EB-8312-5905D46D371A}.Release|Any CPU.Build.0 = Release|Any CPU
	EndGlobalSection
	GlobalSection(SolutionProperties) = preSolution
		HideSolutionNode = FALSE
	EndGlobalSection
	GlobalSection(ExtensibilityGlobals) = postSolution
		SolutionGuid = {B043B6E9-C051-4BBD-A8E6-F76A75C9C03A}
	EndGlobalSection
EndGlobal
